// !$*UTF8*$!
{
	archiveVersion = 1;
	classes = {
	};
	objectVersion = 50;
	objects = {

/* Begin PBXBuildFile section */
		D41F7115262C13A900EABD58 /* TsuruApp.swift in Sources */ = {isa = PBXBuildFile; fileRef = D41F7114262C13A900EABD58 /* TsuruApp.swift */; };
		D41F7119262C13AD00EABD58 /* Assets.xcassets in Resources */ = {isa = PBXBuildFile; fileRef = D41F7118262C13AD00EABD58 /* Assets.xcassets */; };
		D41F711C262C13AD00EABD58 /* Preview Assets.xcassets in Resources */ = {isa = PBXBuildFile; fileRef = D41F711B262C13AD00EABD58 /* Preview Assets.xcassets */; };
		D41F7126262C14E600EABD58 /* TsuruInpuController.swift in Sources */ = {isa = PBXBuildFile; fileRef = D41F7125262C14E600EABD58 /* TsuruInpuController.swift */; };
/* End PBXBuildFile section */

/* Begin PBXFileReference section */
		D41F7111262C13A900EABD58 /* Tsuru.app */ = {isa = PBXFileReference; explicitFileType = wrapper.application; includeInIndex = 0; path = Tsuru.app; sourceTree = BUILT_PRODUCTS_DIR; };
		D41F7114262C13A900EABD58 /* TsuruApp.swift */ = {isa = PBXFileReference; lastKnownFileType = sourcecode.swift; path = TsuruApp.swift; sourceTree = "<group>"; };
		D41F7118262C13AD00EABD58 /* Assets.xcassets */ = {isa = PBXFileReference; lastKnownFileType = folder.assetcatalog; path = Assets.xcassets; sourceTree = "<group>"; };
		D41F711B262C13AD00EABD58 /* Preview Assets.xcassets */ = {isa = PBXFileReference; lastKnownFileType = folder.assetcatalog; path = "Preview Assets.xcassets"; sourceTree = "<group>"; };
		D41F711D262C13AD00EABD58 /* Info.plist */ = {isa = PBXFileReference; lastKnownFileType = text.plist.xml; path = Info.plist; sourceTree = "<group>"; };
		D41F711E262C13AD00EABD58 /* Tsuru.entitlements */ = {isa = PBXFileReference; lastKnownFileType = text.plist.entitlements; path = Tsuru.entitlements; sourceTree = "<group>"; };
		D41F7125262C14E600EABD58 /* TsuruInpuController.swift */ = {isa = PBXFileReference; lastKnownFileType = sourcecode.swift; path = TsuruInpuController.swift; sourceTree = "<group>"; };
/* End PBXFileReference section */

/* Begin PBXFrameworksBuildPhase section */
		D41F710E262C13A900EABD58 /* Frameworks */ = {
			isa = PBXFrameworksBuildPhase;
			buildActionMask = 2147483647;
			files = (
			);
			runOnlyForDeploymentPostprocessing = 0;
		};
/* End PBXFrameworksBuildPhase section */

/* Begin PBXGroup section */
		D41F7108262C13A900EABD58 = {
			isa = PBXGroup;
			children = (
				D41F7113262C13A900EABD58 /* Tsuru */,
				D41F7112262C13A900EABD58 /* Products */,
			);
			sourceTree = "<group>";
		};
		D41F7112262C13A900EABD58 /* Products */ = {
			isa = PBXGroup;
			children = (
				D41F7111262C13A900EABD58 /* Tsuru.app */,
			);
			name = Products;
			sourceTree = "<group>";
		};
		D41F7113262C13A900EABD58 /* Tsuru */ = {
			isa = PBXGroup;
			children = (
				D41F7114262C13A900EABD58 /* TsuruApp.swift */,
				D41F7118262C13AD00EABD58 /* Assets.xcassets */,
				D41F711D262C13AD00EABD58 /* Info.plist */,
				D41F711E262C13AD00EABD58 /* Tsuru.entitlements */,
				D41F711A262C13AD00EABD58 /* Preview Content */,
				D41F7125262C14E600EABD58 /* TsuruInpuController.swift */,
			);
			path = Tsuru;
			sourceTree = "<group>";
		};
		D41F711A262C13AD00EABD58 /* Preview Content */ = {
			isa = PBXGroup;
			children = (
				D41F711B262C13AD00EABD58 /* Preview Assets.xcassets */,
			);
			path = "Preview Content";
			sourceTree = "<group>";
		};
/* End PBXGroup section */

/* Begin PBXNativeTarget section */
		D41F7110262C13A900EABD58 /* Tsuru */ = {
			isa = PBXNativeTarget;
			buildConfigurationList = D41F7121262C13AD00EABD58 /* Build configuration list for PBXNativeTarget "Tsuru" */;
			buildPhases = (
				D41F710D262C13A900EABD58 /* Sources */,
				D41F710E262C13A900EABD58 /* Frameworks */,
				D41F710F262C13A900EABD58 /* Resources */,
				D473B640262C49720017BA14 /* ShellScript */,
			);
			buildRules = (
			);
			dependencies = (
			);
			name = Tsuru;
			productName = Tsuru;
			productReference = D41F7111262C13A900EABD58 /* Tsuru.app */;
			productType = "com.apple.product-type.application";
		};
/* End PBXNativeTarget section */

/* Begin PBXProject section */
		D41F7109262C13A900EABD58 /* Project object */ = {
			isa = PBXProject;
			attributes = {
				LastSwiftUpdateCheck = 1240;
				LastUpgradeCheck = 1250;
				TargetAttributes = {
					D41F7110262C13A900EABD58 = {
						CreatedOnToolsVersion = 12.4;
					};
				};
			};
			buildConfigurationList = D41F710C262C13A900EABD58 /* Build configuration list for PBXProject "Tsuru" */;
			compatibilityVersion = "Xcode 9.3";
			developmentRegion = en;
			hasScannedForEncodings = 0;
			knownRegions = (
				en,
				Base,
			);
			mainGroup = D41F7108262C13A900EABD58;
			productRefGroup = D41F7112262C13A900EABD58 /* Products */;
			projectDirPath = "";
			projectRoot = "";
			targets = (
				D41F7110262C13A900EABD58 /* Tsuru */,
			);
		};
/* End PBXProject section */

/* Begin PBXResourcesBuildPhase section */
		D41F710F262C13A900EABD58 /* Resources */ = {
			isa = PBXResourcesBuildPhase;
			buildActionMask = 2147483647;
			files = (
				D41F711C262C13AD00EABD58 /* Preview Assets.xcassets in Resources */,
				D41F7119262C13AD00EABD58 /* Assets.xcassets in Resources */,
			);
			runOnlyForDeploymentPostprocessing = 0;
		};
/* End PBXResourcesBuildPhase section */

/* Begin PBXShellScriptBuildPhase section */
		D473B640262C49720017BA14 /* ShellScript */ = {
			isa = PBXShellScriptBuildPhase;
			buildActionMask = 2147483647;
			files = (
			);
			inputFileListPaths = (
			);
			inputPaths = (
			);
			outputFileListPaths = (
			);
			outputPaths = (
			);
			runOnlyForDeploymentPostprocessing = 0;
			shellPath = /bin/sh;
			shellScript = "killall Tsuru\nmkdir -p \"$HOME/Library/Input Methods/\"\nrm -rf \"$HOME/Library/Input Methods/Tsuru.app\"\nAPP_PATH=\"${TARGET_BUILD_DIR}/${WRAPPER_NAME}\"\ncp -r \"$APP_PATH\" \"$HOME/Library/Input Methods/Tsuru.app\"\n";
		};
/* End PBXShellScriptBuildPhase section */

/* Begin PBXSourcesBuildPhase section */
		D41F710D262C13A900EABD58 /* Sources */ = {
			isa = PBXSourcesBuildPhase;
			buildActionMask = 2147483647;
			files = (
				D41F7126262C14E600EABD58 /* TsuruInpuController.swift in Sources */,
				D41F7115262C13A900EABD58 /* TsuruApp.swift in Sources */,
			);
			runOnlyForDeploymentPostprocessing = 0;
		};
/* End PBXSourcesBuildPhase section */

/* Begin XCBuildConfiguration section */
		D41F711F262C13AD00EABD58 /* Debug */ = {
			isa = XCBuildConfiguration;
			buildSettings = {
				ALWAYS_SEARCH_USER_PATHS = NO;
				CLANG_ANALYZER_NONNULL = YES;
				CLANG_ANALYZER_NUMBER_OBJECT_CONVERSION = YES_AGGRESSIVE;
				CLANG_CXX_LANGUAGE_STANDARD = "gnu++14";
				CLANG_CXX_LIBRARY = "libc++";
				CLANG_ENABLE_MODULES = YES;
				CLANG_ENABLE_OBJC_ARC = YES;
				CLANG_ENABLE_OBJC_WEAK = YES;
				CLANG_WARN_BLOCK_CAPTURE_AUTORELEASING = YES;
				CLANG_WARN_BOOL_CONVERSION = YES;
				CLANG_WARN_COMMA = YES;
				CLANG_WARN_CONSTANT_CONVERSION = YES;
				CLANG_WARN_DEPRECATED_OBJC_IMPLEMENTATIONS = YES;
				CLANG_WARN_DIRECT_OBJC_ISA_USAGE = YES_ERROR;
				CLANG_WARN_DOCUMENTATION_COMMENTS = YES;
				CLANG_WARN_EMPTY_BODY = YES;
				CLANG_WARN_ENUM_CONVERSION = YES;
				CLANG_WARN_INFINITE_RECURSION = YES;
				CLANG_WARN_INT_CONVERSION = YES;
				CLANG_WARN_NON_LITERAL_NULL_CONVERSION = YES;
				CLANG_WARN_OBJC_IMPLICIT_RETAIN_SELF = YES;
				CLANG_WARN_OBJC_LITERAL_CONVERSION = YES;
				CLANG_WARN_OBJC_ROOT_CLASS = YES_ERROR;
				CLANG_WARN_QUOTED_INCLUDE_IN_FRAMEWORK_HEADER = YES;
				CLANG_WARN_RANGE_LOOP_ANALYSIS = YES;
				CLANG_WARN_STRICT_PROTOTYPES = YES;
				CLANG_WARN_SUSPICIOUS_MOVE = YES;
				CLANG_WARN_UNGUARDED_AVAILABILITY = YES_AGGRESSIVE;
				CLANG_WARN_UNREACHABLE_CODE = YES;
				CLANG_WARN__DUPLICATE_METHOD_MATCH = YES;
				COPY_PHASE_STRIP = NO;
				DEBUG_INFORMATION_FORMAT = dwarf;
				ENABLE_STRICT_OBJC_MSGSEND = YES;
				ENABLE_TESTABILITY = YES;
				GCC_C_LANGUAGE_STANDARD = gnu11;
				GCC_DYNAMIC_NO_PIC = NO;
				GCC_NO_COMMON_BLOCKS = YES;
				GCC_OPTIMIZATION_LEVEL = 0;
				GCC_PREPROCESSOR_DEFINITIONS = (
					"DEBUG=1",
					"$(inherited)",
				);
				GCC_WARN_64_TO_32_BIT_CONVERSION = YES;
				GCC_WARN_ABOUT_RETURN_TYPE = YES_ERROR;
				GCC_WARN_UNDECLARED_SELECTOR = YES;
				GCC_WARN_UNINITIALIZED_AUTOS = YES_AGGRESSIVE;
				GCC_WARN_UNUSED_FUNCTION = YES;
				GCC_WARN_UNUSED_VARIABLE = YES;
				MACOSX_DEPLOYMENT_TARGET = 11.1;
				MTL_ENABLE_DEBUG_INFO = INCLUDE_SOURCE;
				MTL_FAST_MATH = YES;
				ONLY_ACTIVE_ARCH = YES;
				SDKROOT = macosx;
				SWIFT_ACTIVE_COMPILATION_CONDITIONS = DEBUG;
				SWIFT_OPTIMIZATION_LEVEL = "-Onone";
			};
			name = Debug;
		};
		D41F7120262C13AD00EABD58 /* Release */ = {
			isa = XCBuildConfiguration;
			buildSettings = {
				ALWAYS_SEARCH_USER_PATHS = NO;
				CLANG_ANALYZER_NONNULL = YES;
				CLANG_ANALYZER_NUMBER_OBJECT_CONVERSION = YES_AGGRESSIVE;
				CLANG_CXX_LANGUAGE_STANDARD = "gnu++14";
				CLANG_CXX_LIBRARY = "libc++";
				CLANG_ENABLE_MODULES = YES;
				CLANG_ENABLE_OBJC_ARC = YES;
				CLANG_ENABLE_OBJC_WEAK = YES;
				CLANG_WARN_BLOCK_CAPTURE_AUTORELEASING = YES;
				CLANG_WARN_BOOL_CONVERSION = YES;
				CLANG_WARN_COMMA = YES;
				CLANG_WARN_CONSTANT_CONVERSION = YES;
				CLANG_WARN_DEPRECATED_OBJC_IMPLEMENTATIONS = YES;
				CLANG_WARN_DIRECT_OBJC_ISA_USAGE = YES_ERROR;
				CLANG_WARN_DOCUMENTATION_COMMENTS = YES;
				CLANG_WARN_EMPTY_BODY = YES;
				CLANG_WARN_ENUM_CONVERSION = YES;
				CLANG_WARN_INFINITE_RECURSION = YES;
				CLANG_WARN_INT_CONVERSION = YES;
				CLANG_WARN_NON_LITERAL_NULL_CONVERSION = YES;
				CLANG_WARN_OBJC_IMPLICIT_RETAIN_SELF = YES;
				CLANG_WARN_OBJC_LITERAL_CONVERSION = YES;
				CLANG_WARN_OBJC_ROOT_CLASS = YES_ERROR;
				CLANG_WARN_QUOTED_INCLUDE_IN_FRAMEWORK_HEADER = YES;
				CLANG_WARN_RANGE_LOOP_ANALYSIS = YES;
				CLANG_WARN_STRICT_PROTOTYPES = YES;
				CLANG_WARN_SUSPICIOUS_MOVE = YES;
				CLANG_WARN_UNGUARDED_AVAILABILITY = YES_AGGRESSIVE;
				CLANG_WARN_UNREACHABLE_CODE = YES;
				CLANG_WARN__DUPLICATE_METHOD_MATCH = YES;
				COPY_PHASE_STRIP = NO;
				DEBUG_INFORMATION_FORMAT = "dwarf-with-dsym";
				ENABLE_NS_ASSERTIONS = NO;
				ENABLE_STRICT_OBJC_MSGSEND = YES;
				GCC_C_LANGUAGE_STANDARD = gnu11;
				GCC_NO_COMMON_BLOCKS = YES;
				GCC_WARN_64_TO_32_BIT_CONVERSION = YES;
				GCC_WARN_ABOUT_RETURN_TYPE = YES_ERROR;
				GCC_WARN_UNDECLARED_SELECTOR = YES;
				GCC_WARN_UNINITIALIZED_AUTOS = YES_AGGRESSIVE;
				GCC_WARN_UNUSED_FUNCTION = YES;
				GCC_WARN_UNUSED_VARIABLE = YES;
				MACOSX_DEPLOYMENT_TARGET = 11.1;
				MTL_ENABLE_DEBUG_INFO = NO;
				MTL_FAST_MATH = YES;
				SDKROOT = macosx;
				SWIFT_COMPILATION_MODE = wholemodule;
				SWIFT_OPTIMIZATION_LEVEL = "-O";
			};
			name = Release;
		};
		D41F7122262C13AD00EABD58 /* Debug */ = {
			isa = XCBuildConfiguration;
			buildSettings = {
				ASSETCATALOG_COMPILER_APPICON_NAME = AppIcon;
				ASSETCATALOG_COMPILER_GLOBAL_ACCENT_COLOR_NAME = AccentColor;
				CODE_SIGN_ENTITLEMENTS = Tsuru/Tsuru.entitlements;
				CODE_SIGN_IDENTITY = "-";
				CODE_SIGN_STYLE = Automatic;
				COMBINE_HIDPI_IMAGES = YES;
				DEVELOPMENT_ASSET_PATHS = "\"Tsuru/Preview Content\"";
				ENABLE_PREVIEWS = YES;
				INFOPLIST_FILE = Tsuru/Info.plist;
				LD_RUNPATH_SEARCH_PATHS = (
					"$(inherited)",
					"@executable_path/../Frameworks",
				);
				MACOSX_DEPLOYMENT_TARGET = 11.0;
				PRODUCT_BUNDLE_IDENTIFIER = org.uwu.inputmethod.Tsuru;
				PRODUCT_NAME = "$(TARGET_NAME)";
				SWIFT_VERSION = 5.0;
				SYMROOT = build;
			};
			name = Debug;
		};
		D41F7123262C13AD00EABD58 /* Release */ = {
			isa = XCBuildConfiguration;
			buildSettings = {
				ASSETCATALOG_COMPILER_APPICON_NAME = AppIcon;
				ASSETCATALOG_COMPILER_GLOBAL_ACCENT_COLOR_NAME = AccentColor;
				CODE_SIGN_ENTITLEMENTS = Tsuru/Tsuru.entitlements;
				CODE_SIGN_IDENTITY = "-";
				CODE_SIGN_STYLE = Automatic;
				COMBINE_HIDPI_IMAGES = YES;
				DEVELOPMENT_ASSET_PATHS = "\"Tsuru/Preview Content\"";
				ENABLE_PREVIEWS = YES;
				INFOPLIST_FILE = Tsuru/Info.plist;
				LD_RUNPATH_SEARCH_PATHS = (
					"$(inherited)",
					"@executable_path/../Frameworks",
				);
				MACOSX_DEPLOYMENT_TARGET = 11.0;
				PRODUCT_BUNDLE_IDENTIFIER = org.uwu.inputmethod.Tsuru;
				PRODUCT_NAME = "$(TARGET_NAME)";
				SWIFT_VERSION = 5.0;
			};
			name = Release;
		};
/* End XCBuildConfiguration section */

/* Begin XCConfigurationList section */
		D41F710C262C13A900EABD58 /* Build configuration list for PBXProject "Tsuru" */ = {
			isa = XCConfigurationList;
			buildConfigurations = (
				D41F711F262C13AD00EABD58 /* Debug */,
				D41F7120262C13AD00EABD58 /* Release */,
			);
			defaultConfigurationIsVisible = 0;
			defaultConfigurationName = Release;
		};
		D41F7121262C13AD00EABD58 /* Build configuration list for PBXNativeTarget "Tsuru" */ = {
			isa = XCConfigurationList;
			buildConfigurations = (
				D41F7122262C13AD00EABD58 /* Debug */,
				D41F7123262C13AD00EABD58 /* Release */,
			);
			defaultConfigurationIsVisible = 0;
			defaultConfigurationName = Release;
		};
/* End XCConfigurationList section */
	};
	rootObject = D41F7109262C13A900EABD58 /* Project object */;
}
